
Microsoft Visual Studio Solution File, Format Version 12.00
# Visual Studio Version 17
VisualStudioVersion = 17.1.31911.260
MinimumVisualStudioVersion = 15.0.26124.0
Project("{2150E333-8FDC-42A3-9474-1A3956D46DE8}") = "_common", "_common", "{4FC26686-C947-4981-987F-EE35E92C9677}"
	ProjectSection(SolutionItems) = preProject
		..\.editorconfig = ..\.editorconfig
		..\.gitattributes = ..\.gitattributes
		..\.gitignore = ..\.gitignore
		..\build-projects.ps1 = ..\build-projects.ps1
		Directory.build.props = Directory.build.props
		..\global.json = ..\global.json
		nuget.config = nuget.config
		..\remove-nupkg.ps1 = ..\remove-nupkg.ps1
	EndProjectSection
EndProject
Project("{2150E333-8FDC-42A3-9474-1A3956D46DE8}") = "1. Core", "1. Core", "{E1EF93AF-DC8D-4825-B9F1-AE80703B2943}"
EndProject
Project("{2150E333-8FDC-42A3-9474-1A3956D46DE8}") = "2. Framework", "2. Framework", "{34DFF1AB-433A-4BF2-A1BD-1BC11288556E}"
EndProject
Project("{D954291E-2A0B-460D-934E-DC6B0785DB48}") = "Shipwreck.ViewModelUtils.Core.Shared", "Core\Shared\Shipwreck.ViewModelUtils.Core.Shared.shproj", "{A9B5722F-DFC4-4A3E-BA20-8CE24EBED9C1}"
EndProject
Project("{9A19103F-16F7-4668-BE54-9A1E7A4F7556}") = "Shipwreck.ViewModelUtils.Core.Blazor", "Core\Blazor\Shipwreck.ViewModelUtils.Core.Blazor.csproj", "{0C0C36C3-5A16-4E9E-B29A-B670C6FF53DD}"
EndProject
Project("{9A19103F-16F7-4668-BE54-9A1E7A4F7556}") = "Shipwreck.ViewModelUtils.Core.PresentationFramework", "Core\PresentationFramework\Shipwreck.ViewModelUtils.Core.PresentationFramework.csproj", "{89D18B3D-A9E7-4928-955B-D65C5C9CD7A4}"
EndProject
Project("{9A19103F-16F7-4668-BE54-9A1E7A4F7556}") = "Shipwreck.ViewModelUtils.Core.XamarinForms", "Core\XamarinForms\Shipwreck.ViewModelUtils.Core.XamarinForms.csproj", "{3495E59A-E9EF-46BD-922F-D0BCABB10D72}"
EndProject
Project("{D954291E-2A0B-460D-934E-DC6B0785DB48}") = "Shipwreck.ViewModelUtils.Shared", "Framework\Shared\Shipwreck.ViewModelUtils.Shared.shproj", "{9EABA68F-46BB-4E67-B740-1B8732D45BB0}"
EndProject
Project("{9A19103F-16F7-4668-BE54-9A1E7A4F7556}") = "Shipwreck.ViewModelUtils.Blazor", "Framework\Blazor\Shipwreck.ViewModelUtils.Blazor.csproj", "{9C106D03-1713-4B2E-AD83-4B99A0DD6F17}"
EndProject
Project("{9A19103F-16F7-4668-BE54-9A1E7A4F7556}") = "Shipwreck.ViewModelUtils.PresentationFramework", "Framework\PresentationFramework\Shipwreck.ViewModelUtils.PresentationFramework.csproj", "{E26AD196-1656-488E-BA36-8DE042A0EFB6}"
EndProject
Project("{9A19103F-16F7-4668-BE54-9A1E7A4F7556}") = "Shipwreck.ViewModelUtils.XamarinForms", "Framework\XamarinForms\Shipwreck.ViewModelUtils.XamarinForms.csproj", "{1BE2B82E-497E-490E-BDCD-8C856077E5DD}"
EndProject
Project("{2150E333-8FDC-42A3-9474-1A3956D46DE8}") = "3. Demo", "3. Demo", "{AE42DF8F-F082-4673-B441-CA4741871EDB}"
EndProject
Project("{9A19103F-16F7-4668-BE54-9A1E7A4F7556}") = "Shipwreck.ViewModelUtils.Demo.PresentationFramework", "Demo\PresentationFramework\Shipwreck.ViewModelUtils.Demo.PresentationFramework.csproj", "{271FAB20-CE14-4401-8244-616B0FE3DA8C}"
EndProject
Project("{9A19103F-16F7-4668-BE54-9A1E7A4F7556}") = "Shipwreck.ViewModelUtils.Demo.XamarinForms", "Demo\XamarinForms\Shipwreck.ViewModelUtils.Demo.XamarinForms.csproj", "{AE512EC9-837D-42D4-ADAD-482FBB599243}"
EndProject
Project("{FAE04EC0-301F-11D3-BF4B-00C04F79EFBC}") = "Shipwreck.ViewModelUtils.Demo.XamarinForms.Android", "Demo\XamarinForms.Android\Shipwreck.ViewModelUtils.Demo.XamarinForms.Android.csproj", "{52441E96-2F31-4213-B7C1-24227F4D14B7}"
EndProject
Project("{FAE04EC0-301F-11D3-BF4B-00C04F79EFBC}") = "Shipwreck.ViewModelUtils.Demo.XamarinForms.iOS", "Demo\XamarinForms.iOS\Shipwreck.ViewModelUtils.Demo.XamarinForms.iOS.csproj", "{DA41B53C-615F-40E6-81C4-BDF3E7A90F57}"
EndProject
Project("{D954291E-2A0B-460D-934E-DC6B0785DB48}") = "Shipwreck.ViewModelUtils.Core.Converters", "Core\Converters\Shipwreck.ViewModelUtils.Core.Converters.shproj", "{30B44099-DFD5-486C-A4FE-C9676791CBCD}"
EndProject
Project("{D954291E-2A0B-460D-934E-DC6B0785DB48}") = "Shipwreck.ViewModelUtils.Converters", "Framework\Converters\Shipwreck.ViewModelUtils.Converters.shproj", "{3D621AD2-9037-4FA9-BDD1-51C36AD2EB41}"
EndProject
Project("{9A19103F-16F7-4668-BE54-9A1E7A4F7556}") = "Shipwreck.ViewModelUtils.Models", "Core\Models\Shipwreck.ViewModelUtils.Models.csproj", "{024E8176-D6A5-4C9D-816D-AC68D7FD2CF7}"
EndProject
Project("{9A19103F-16F7-4668-BE54-9A1E7A4F7556}") = "Shipwreck.ViewModelUtils.Client", "Core\Client\Shipwreck.ViewModelUtils.Client.csproj", "{F75EA419-8DB8-407E-85FD-605EFDA36315}"
EndProject
Project("{9A19103F-16F7-4668-BE54-9A1E7A4F7556}") = "Shipwreck.ViewModelUtils.Client.Newtonsoft", "Core\Client.Newtonsoft\Shipwreck.ViewModelUtils.Client.Newtonsoft.csproj", "{29A9B1B6-D39A-4CBE-A4AD-816C9539C436}"
EndProject
Project("{9A19103F-16F7-4668-BE54-9A1E7A4F7556}") = "Shipwreck.ViewModelUtils.Client.CoreFx", "Core\Client.CoreFx\Shipwreck.ViewModelUtils.Client.CoreFx.csproj", "{85AFED74-0F36-44B0-8AE8-33FA41F65BCA}"
EndProject
Project("{9A19103F-16F7-4668-BE54-9A1E7A4F7556}") = "Shipwreck.ViewModelUtils.Build", "Build\Shipwreck.ViewModelUtils.Build.csproj", "{15D8A4BF-7F94-4707-BB6D-10407F494200}"
EndProject
Project("{9A19103F-16F7-4668-BE54-9A1E7A4F7556}") = "Shipwreck.ViewModelUtils.Demo.Blazor", "Demo\Blazor\Shipwreck.ViewModelUtils.Demo.Blazor.csproj", "{198BBBC8-B31A-4C20-B288-272C7F9E96DF}"
	ProjectSection(ProjectDependencies) = postProject
		{9C106D03-1713-4B2E-AD83-4B99A0DD6F17} = {9C106D03-1713-4B2E-AD83-4B99A0DD6F17}
	EndProjectSection
EndProject
Project("{9A19103F-16F7-4668-BE54-9A1E7A4F7556}") = "Shipwreck.ViewModelUtils.Common", "Core\Common\Shipwreck.ViewModelUtils.Common.csproj", "{F02F028B-D3B2-48AE-84F4-E090185DCBB3}"
EndProject
Project("{9A19103F-16F7-4668-BE54-9A1E7A4F7556}") = "Shipwreck.ViewModelUtils.Demo.Blazor.WebAssembly", "Demo\Blazor.WebAssembly\Shipwreck.ViewModelUtils.Demo.Blazor.WebAssembly.csproj", "{8740D847-E398-4E62-80A0-F9385B342EB9}"
EndProject
Project("{9A19103F-16F7-4668-BE54-9A1E7A4F7556}") = "Shipwreck.ViewModelUtils.Demo.Blazor.Wpf", "Demo\Blazor.Wpf\Shipwreck.ViewModelUtils.Demo.Blazor.Wpf.csproj", "{33853870-24B8-4A32-9A1E-E709A8416D94}"
EndProject
Project("{9A19103F-16F7-4668-BE54-9A1E7A4F7556}") = "Shipwreck.ViewModelUtils.Core.Maui", "Core\Maui\Shipwreck.ViewModelUtils.Core.Maui.csproj", "{6775C720-6106-42D6-8F3F-062C419443D8}"
EndProject
Project("{9A19103F-16F7-4668-BE54-9A1E7A4F7556}") = "Shipwreck.ViewModelUtils.Maui", "Framework\Maui\Shipwreck.ViewModelUtils.Maui.csproj", "{957F459A-B7AA-486E-8D2A-15A98A6E3EC8}"
EndProject
Project("{9A19103F-16F7-4668-BE54-9A1E7A4F7556}") = "Shipwreck.ViewModelUtils.Demo.Maui", "Demo\Maui\Shipwreck.ViewModelUtils.Demo.Maui.csproj", "{A7F47B86-4B40-4A7F-95D8-FC3930DF0C85}"
EndProject
Global
	GlobalSection(SolutionConfigurationPlatforms) = preSolution
		Debug|Any CPU = Debug|Any CPU
		Debug|iPhone = Debug|iPhone
		Debug|iPhoneSimulator = Debug|iPhoneSimulator
		Debug|x64 = Debug|x64
		Debug|x86 = Debug|x86
		Release|Any CPU = Release|Any CPU
		Release|iPhone = Release|iPhone
		Release|iPhoneSimulator = Release|iPhoneSimulator
		Release|x64 = Release|x64
		Release|x86 = Release|x86
	EndGlobalSection
	GlobalSection(ProjectConfigurationPlatforms) = postSolution
		{0C0C36C3-5A16-4E9E-B29A-B670C6FF53DD}.Debug|Any CPU.ActiveCfg = Debug|Any CPU
		{0C0C36C3-5A16-4E9E-B29A-B670C6FF53DD}.Debug|Any CPU.Build.0 = Debug|Any CPU
		{0C0C36C3-5A16-4E9E-B29A-B670C6FF53DD}.Debug|iPhone.ActiveCfg = Debug|Any CPU
		{0C0C36C3-5A16-4E9E-B29A-B670C6FF53DD}.Debug|iPhone.Build.0 = Debug|Any CPU
		{0C0C36C3-5A16-4E9E-B29A-B670C6FF53DD}.Debug|iPhoneSimulator.ActiveCfg = Debug|Any CPU
		{0C0C36C3-5A16-4E9E-B29A-B670C6FF53DD}.Debug|iPhoneSimulator.Build.0 = Debug|Any CPU
		{0C0C36C3-5A16-4E9E-B29A-B670C6FF53DD}.Debug|x64.ActiveCfg = Debug|Any CPU
		{0C0C36C3-5A16-4E9E-B29A-B670C6FF53DD}.Debug|x64.Build.0 = Debug|Any CPU
		{0C0C36C3-5A16-4E9E-B29A-B670C6FF53DD}.Debug|x86.ActiveCfg = Debug|Any CPU
		{0C0C36C3-5A16-4E9E-B29A-B670C6FF53DD}.Debug|x86.Build.0 = Debug|Any CPU
		{0C0C36C3-5A16-4E9E-B29A-B670C6FF53DD}.Release|Any CPU.ActiveCfg = Release|Any CPU
		{0C0C36C3-5A16-4E9E-B29A-B670C6FF53DD}.Release|Any CPU.Build.0 = Release|Any CPU
		{0C0C36C3-5A16-4E9E-B29A-B670C6FF53DD}.Release|iPhone.ActiveCfg = Release|Any CPU
		{0C0C36C3-5A16-4E9E-B29A-B670C6FF53DD}.Release|iPhone.Build.0 = Release|Any CPU
		{0C0C36C3-5A16-4E9E-B29A-B670C6FF53DD}.Release|iPhoneSimulator.ActiveCfg = Release|Any CPU
		{0C0C36C3-5A16-4E9E-B29A-B670C6FF53DD}.Release|iPhoneSimulator.Build.0 = Release|Any CPU
		{0C0C36C3-5A16-4E9E-B29A-B670C6FF53DD}.Release|x64.ActiveCfg = Release|Any CPU
		{0C0C36C3-5A16-4E9E-B29A-B670C6FF53DD}.Release|x64.Build.0 = Release|Any CPU
		{0C0C36C3-5A16-4E9E-B29A-B670C6FF53DD}.Release|x86.ActiveCfg = Release|Any CPU
		{0C0C36C3-5A16-4E9E-B29A-B670C6FF53DD}.Release|x86.Build.0 = Release|Any CPU
		{89D18B3D-A9E7-4928-955B-D65C5C9CD7A4}.Debug|Any CPU.ActiveCfg = Debug|Any CPU
		{89D18B3D-A9E7-4928-955B-D65C5C9CD7A4}.Debug|Any CPU.Build.0 = Debug|Any CPU
		{89D18B3D-A9E7-4928-955B-D65C5C9CD7A4}.Debug|iPhone.ActiveCfg = Debug|Any CPU
		{89D18B3D-A9E7-4928-955B-D65C5C9CD7A4}.Debug|iPhone.Build.0 = Debug|Any CPU
		{89D18B3D-A9E7-4928-955B-D65C5C9CD7A4}.Debug|iPhoneSimulator.ActiveCfg = Debug|Any CPU
		{89D18B3D-A9E7-4928-955B-D65C5C9CD7A4}.Debug|iPhoneSimulator.Build.0 = Debug|Any CPU
		{89D18B3D-A9E7-4928-955B-D65C5C9CD7A4}.Debug|x64.ActiveCfg = Debug|Any CPU
		{89D18B3D-A9E7-4928-955B-D65C5C9CD7A4}.Debug|x64.Build.0 = Debug|Any CPU
		{89D18B3D-A9E7-4928-955B-D65C5C9CD7A4}.Debug|x86.ActiveCfg = Debug|Any CPU
		{89D18B3D-A9E7-4928-955B-D65C5C9CD7A4}.Debug|x86.Build.0 = Debug|Any CPU
		{89D18B3D-A9E7-4928-955B-D65C5C9CD7A4}.Release|Any CPU.ActiveCfg = Release|Any CPU
		{89D18B3D-A9E7-4928-955B-D65C5C9CD7A4}.Release|Any CPU.Build.0 = Release|Any CPU
		{89D18B3D-A9E7-4928-955B-D65C5C9CD7A4}.Release|iPhone.ActiveCfg = Release|Any CPU
		{89D18B3D-A9E7-4928-955B-D65C5C9CD7A4}.Release|iPhone.Build.0 = Release|Any CPU
		{89D18B3D-A9E7-4928-955B-D65C5C9CD7A4}.Release|iPhoneSimulator.ActiveCfg = Release|Any CPU
		{89D18B3D-A9E7-4928-955B-D65C5C9CD7A4}.Release|iPhoneSimulator.Build.0 = Release|Any CPU
		{89D18B3D-A9E7-4928-955B-D65C5C9CD7A4}.Release|x64.ActiveCfg = Release|Any CPU
		{89D18B3D-A9E7-4928-955B-D65C5C9CD7A4}.Release|x64.Build.0 = Release|Any CPU
		{89D18B3D-A9E7-4928-955B-D65C5C9CD7A4}.Release|x86.ActiveCfg = Release|Any CPU
		{89D18B3D-A9E7-4928-955B-D65C5C9CD7A4}.Release|x86.Build.0 = Release|Any CPU
		{3495E59A-E9EF-46BD-922F-D0BCABB10D72}.Debug|Any CPU.ActiveCfg = Debug|Any CPU
		{3495E59A-E9EF-46BD-922F-D0BCABB10D72}.Debug|Any CPU.Build.0 = Debug|Any CPU
		{3495E59A-E9EF-46BD-922F-D0BCABB10D72}.Debug|iPhone.ActiveCfg = Debug|Any CPU
		{3495E59A-E9EF-46BD-922F-D0BCABB10D72}.Debug|iPhone.Build.0 = Debug|Any CPU
		{3495E59A-E9EF-46BD-922F-D0BCABB10D72}.Debug|iPhoneSimulator.ActiveCfg = Debug|Any CPU
		{3495E59A-E9EF-46BD-922F-D0BCABB10D72}.Debug|iPhoneSimulator.Build.0 = Debug|Any CPU
		{3495E59A-E9EF-46BD-922F-D0BCABB10D72}.Debug|x64.ActiveCfg = Debug|Any CPU
		{3495E59A-E9EF-46BD-922F-D0BCABB10D72}.Debug|x64.Build.0 = Debug|Any CPU
		{3495E59A-E9EF-46BD-922F-D0BCABB10D72}.Debug|x86.ActiveCfg = Debug|Any CPU
		{3495E59A-E9EF-46BD-922F-D0BCABB10D72}.Debug|x86.Build.0 = Debug|Any CPU
		{3495E59A-E9EF-46BD-922F-D0BCABB10D72}.Release|Any CPU.ActiveCfg = Release|Any CPU
		{3495E59A-E9EF-46BD-922F-D0BCABB10D72}.Release|Any CPU.Build.0 = Release|Any CPU
		{3495E59A-E9EF-46BD-922F-D0BCABB10D72}.Release|iPhone.ActiveCfg = Release|Any CPU
		{3495E59A-E9EF-46BD-922F-D0BCABB10D72}.Release|iPhone.Build.0 = Release|Any CPU
		{3495E59A-E9EF-46BD-922F-D0BCABB10D72}.Release|iPhoneSimulator.ActiveCfg = Release|Any CPU
		{3495E59A-E9EF-46BD-922F-D0BCABB10D72}.Release|iPhoneSimulator.Build.0 = Release|Any CPU
		{3495E59A-E9EF-46BD-922F-D0BCABB10D72}.Release|x64.ActiveCfg = Release|Any CPU
		{3495E59A-E9EF-46BD-922F-D0BCABB10D72}.Release|x64.Build.0 = Release|Any CPU
		{3495E59A-E9EF-46BD-922F-D0BCABB10D72}.Release|x86.ActiveCfg = Release|Any CPU
		{3495E59A-E9EF-46BD-922F-D0BCABB10D72}.Release|x86.Build.0 = Release|Any CPU
		{9C106D03-1713-4B2E-AD83-4B99A0DD6F17}.Debug|Any CPU.ActiveCfg = Debug|Any CPU
		{9C106D03-1713-4B2E-AD83-4B99A0DD6F17}.Debug|Any CPU.Build.0 = Debug|Any CPU
		{9C106D03-1713-4B2E-AD83-4B99A0DD6F17}.Debug|iPhone.ActiveCfg = Debug|Any CPU
		{9C106D03-1713-4B2E-AD83-4B99A0DD6F17}.Debug|iPhone.Build.0 = Debug|Any CPU
		{9C106D03-1713-4B2E-AD83-4B99A0DD6F17}.Debug|iPhoneSimulator.ActiveCfg = Debug|Any CPU
		{9C106D03-1713-4B2E-AD83-4B99A0DD6F17}.Debug|iPhoneSimulator.Build.0 = Debug|Any CPU
		{9C106D03-1713-4B2E-AD83-4B99A0DD6F17}.Debug|x64.ActiveCfg = Debug|Any CPU
		{9C106D03-1713-4B2E-AD83-4B99A0DD6F17}.Debug|x64.Build.0 = Debug|Any CPU
		{9C106D03-1713-4B2E-AD83-4B99A0DD6F17}.Debug|x86.ActiveCfg = Debug|Any CPU
		{9C106D03-1713-4B2E-AD83-4B99A0DD6F17}.Debug|x86.Build.0 = Debug|Any CPU
		{9C106D03-1713-4B2E-AD83-4B99A0DD6F17}.Release|Any CPU.ActiveCfg = Release|Any CPU
		{9C106D03-1713-4B2E-AD83-4B99A0DD6F17}.Release|Any CPU.Build.0 = Release|Any CPU
		{9C106D03-1713-4B2E-AD83-4B99A0DD6F17}.Release|iPhone.ActiveCfg = Release|Any CPU
		{9C106D03-1713-4B2E-AD83-4B99A0DD6F17}.Release|iPhone.Build.0 = Release|Any CPU
		{9C106D03-1713-4B2E-AD83-4B99A0DD6F17}.Release|iPhoneSimulator.ActiveCfg = Release|Any CPU
		{9C106D03-1713-4B2E-AD83-4B99A0DD6F17}.Release|iPhoneSimulator.Build.0 = Release|Any CPU
		{9C106D03-1713-4B2E-AD83-4B99A0DD6F17}.Release|x64.ActiveCfg = Release|Any CPU
		{9C106D03-1713-4B2E-AD83-4B99A0DD6F17}.Release|x64.Build.0 = Release|Any CPU
		{9C106D03-1713-4B2E-AD83-4B99A0DD6F17}.Release|x86.ActiveCfg = Release|Any CPU
		{9C106D03-1713-4B2E-AD83-4B99A0DD6F17}.Release|x86.Build.0 = Release|Any CPU
		{E26AD196-1656-488E-BA36-8DE042A0EFB6}.Debug|Any CPU.ActiveCfg = Debug|Any CPU
		{E26AD196-1656-488E-BA36-8DE042A0EFB6}.Debug|Any CPU.Build.0 = Debug|Any CPU
		{E26AD196-1656-488E-BA36-8DE042A0EFB6}.Debug|iPhone.ActiveCfg = Debug|Any CPU
		{E26AD196-1656-488E-BA36-8DE042A0EFB6}.Debug|iPhone.Build.0 = Debug|Any CPU
		{E26AD196-1656-488E-BA36-8DE042A0EFB6}.Debug|iPhoneSimulator.ActiveCfg = Debug|Any CPU
		{E26AD196-1656-488E-BA36-8DE042A0EFB6}.Debug|iPhoneSimulator.Build.0 = Debug|Any CPU
		{E26AD196-1656-488E-BA36-8DE042A0EFB6}.Debug|x64.ActiveCfg = Debug|Any CPU
		{E26AD196-1656-488E-BA36-8DE042A0EFB6}.Debug|x64.Build.0 = Debug|Any CPU
		{E26AD196-1656-488E-BA36-8DE042A0EFB6}.Debug|x86.ActiveCfg = Debug|Any CPU
		{E26AD196-1656-488E-BA36-8DE042A0EFB6}.Debug|x86.Build.0 = Debug|Any CPU
		{E26AD196-1656-488E-BA36-8DE042A0EFB6}.Release|Any CPU.ActiveCfg = Release|Any CPU
		{E26AD196-1656-488E-BA36-8DE042A0EFB6}.Release|Any CPU.Build.0 = Release|Any CPU
		{E26AD196-1656-488E-BA36-8DE042A0EFB6}.Release|iPhone.ActiveCfg = Release|Any CPU
		{E26AD196-1656-488E-BA36-8DE042A0EFB6}.Release|iPhone.Build.0 = Release|Any CPU
		{E26AD196-1656-488E-BA36-8DE042A0EFB6}.Release|iPhoneSimulator.ActiveCfg = Release|Any CPU
		{E26AD196-1656-488E-BA36-8DE042A0EFB6}.Release|iPhoneSimulator.Build.0 = Release|Any CPU
		{E26AD196-1656-488E-BA36-8DE042A0EFB6}.Release|x64.ActiveCfg = Release|Any CPU
		{E26AD196-1656-488E-BA36-8DE042A0EFB6}.Release|x64.Build.0 = Release|Any CPU
		{E26AD196-1656-488E-BA36-8DE042A0EFB6}.Release|x86.ActiveCfg = Release|Any CPU
		{E26AD196-1656-488E-BA36-8DE042A0EFB6}.Release|x86.Build.0 = Release|Any CPU
		{1BE2B82E-497E-490E-BDCD-8C856077E5DD}.Debug|Any CPU.ActiveCfg = Debug|Any CPU
		{1BE2B82E-497E-490E-BDCD-8C856077E5DD}.Debug|Any CPU.Build.0 = Debug|Any CPU
		{1BE2B82E-497E-490E-BDCD-8C856077E5DD}.Debug|iPhone.ActiveCfg = Debug|Any CPU
		{1BE2B82E-497E-490E-BDCD-8C856077E5DD}.Debug|iPhone.Build.0 = Debug|Any CPU
		{1BE2B82E-497E-490E-BDCD-8C856077E5DD}.Debug|iPhoneSimulator.ActiveCfg = Debug|Any CPU
		{1BE2B82E-497E-490E-BDCD-8C856077E5DD}.Debug|iPhoneSimulator.Build.0 = Debug|Any CPU
		{1BE2B82E-497E-490E-BDCD-8C856077E5DD}.Debug|x64.ActiveCfg = Debug|Any CPU
		{1BE2B82E-497E-490E-BDCD-8C856077E5DD}.Debug|x64.Build.0 = Debug|Any CPU
		{1BE2B82E-497E-490E-BDCD-8C856077E5DD}.Debug|x86.ActiveCfg = Debug|Any CPU
		{1BE2B82E-497E-490E-BDCD-8C856077E5DD}.Debug|x86.Build.0 = Debug|Any CPU
		{1BE2B82E-497E-490E-BDCD-8C856077E5DD}.Release|Any CPU.ActiveCfg = Release|Any CPU
		{1BE2B82E-497E-490E-BDCD-8C856077E5DD}.Release|Any CPU.Build.0 = Release|Any CPU
		{1BE2B82E-497E-490E-BDCD-8C856077E5DD}.Release|iPhone.ActiveCfg = Release|Any CPU
		{1BE2B82E-497E-490E-BDCD-8C856077E5DD}.Release|iPhone.Build.0 = Release|Any CPU
		{1BE2B82E-497E-490E-BDCD-8C856077E5DD}.Release|iPhoneSimulator.ActiveCfg = Release|Any CPU
		{1BE2B82E-497E-490E-BDCD-8C856077E5DD}.Release|iPhoneSimulator.Build.0 = Release|Any CPU
		{1BE2B82E-497E-490E-BDCD-8C856077E5DD}.Release|x64.ActiveCfg = Release|Any CPU
		{1BE2B82E-497E-490E-BDCD-8C856077E5DD}.Release|x64.Build.0 = Release|Any CPU
		{1BE2B82E-497E-490E-BDCD-8C856077E5DD}.Release|x86.ActiveCfg = Release|Any CPU
		{1BE2B82E-497E-490E-BDCD-8C856077E5DD}.Release|x86.Build.0 = Release|Any CPU
		{271FAB20-CE14-4401-8244-616B0FE3DA8C}.Debug|Any CPU.ActiveCfg = Debug|Any CPU
		{271FAB20-CE14-4401-8244-616B0FE3DA8C}.Debug|Any CPU.Build.0 = Debug|Any CPU
		{271FAB20-CE14-4401-8244-616B0FE3DA8C}.Debug|iPhone.ActiveCfg = Debug|Any CPU
		{271FAB20-CE14-4401-8244-616B0FE3DA8C}.Debug|iPhone.Build.0 = Debug|Any CPU
		{271FAB20-CE14-4401-8244-616B0FE3DA8C}.Debug|iPhoneSimulator.ActiveCfg = Debug|Any CPU
		{271FAB20-CE14-4401-8244-616B0FE3DA8C}.Debug|iPhoneSimulator.Build.0 = Debug|Any CPU
		{271FAB20-CE14-4401-8244-616B0FE3DA8C}.Debug|x64.ActiveCfg = Debug|Any CPU
		{271FAB20-CE14-4401-8244-616B0FE3DA8C}.Debug|x64.Build.0 = Debug|Any CPU
		{271FAB20-CE14-4401-8244-616B0FE3DA8C}.Debug|x86.ActiveCfg = Debug|Any CPU
		{271FAB20-CE14-4401-8244-616B0FE3DA8C}.Debug|x86.Build.0 = Debug|Any CPU
		{271FAB20-CE14-4401-8244-616B0FE3DA8C}.Release|Any CPU.ActiveCfg = Release|Any CPU
		{271FAB20-CE14-4401-8244-616B0FE3DA8C}.Release|Any CPU.Build.0 = Release|Any CPU
		{271FAB20-CE14-4401-8244-616B0FE3DA8C}.Release|iPhone.ActiveCfg = Release|Any CPU
		{271FAB20-CE14-4401-8244-616B0FE3DA8C}.Release|iPhone.Build.0 = Release|Any CPU
		{271FAB20-CE14-4401-8244-616B0FE3DA8C}.Release|iPhoneSimulator.ActiveCfg = Release|Any CPU
		{271FAB20-CE14-4401-8244-616B0FE3DA8C}.Release|iPhoneSimulator.Build.0 = Release|Any CPU
		{271FAB20-CE14-4401-8244-616B0FE3DA8C}.Release|x64.ActiveCfg = Release|Any CPU
		{271FAB20-CE14-4401-8244-616B0FE3DA8C}.Release|x64.Build.0 = Release|Any CPU
		{271FAB20-CE14-4401-8244-616B0FE3DA8C}.Release|x86.ActiveCfg = Release|Any CPU
		{271FAB20-CE14-4401-8244-616B0FE3DA8C}.Release|x86.Build.0 = Release|Any CPU
		{AE512EC9-837D-42D4-ADAD-482FBB599243}.Debug|Any CPU.ActiveCfg = Debug|Any CPU
		{AE512EC9-837D-42D4-ADAD-482FBB599243}.Debug|Any CPU.Build.0 = Debug|Any CPU
		{AE512EC9-837D-42D4-ADAD-482FBB599243}.Debug|iPhone.ActiveCfg = Debug|Any CPU
		{AE512EC9-837D-42D4-ADAD-482FBB599243}.Debug|iPhone.Build.0 = Debug|Any CPU
		{AE512EC9-837D-42D4-ADAD-482FBB599243}.Debug|iPhoneSimulator.ActiveCfg = Debug|Any CPU
		{AE512EC9-837D-42D4-ADAD-482FBB599243}.Debug|iPhoneSimulator.Build.0 = Debug|Any CPU
		{AE512EC9-837D-42D4-ADAD-482FBB599243}.Debug|x64.ActiveCfg = Debug|Any CPU
		{AE512EC9-837D-42D4-ADAD-482FBB599243}.Debug|x64.Build.0 = Debug|Any CPU
		{AE512EC9-837D-42D4-ADAD-482FBB599243}.Debug|x86.ActiveCfg = Debug|Any CPU
		{AE512EC9-837D-42D4-ADAD-482FBB599243}.Debug|x86.Build.0 = Debug|Any CPU
		{AE512EC9-837D-42D4-ADAD-482FBB599243}.Release|Any CPU.ActiveCfg = Release|Any CPU
		{AE512EC9-837D-42D4-ADAD-482FBB599243}.Release|Any CPU.Build.0 = Release|Any CPU
		{AE512EC9-837D-42D4-ADAD-482FBB599243}.Release|iPhone.ActiveCfg = Release|Any CPU
		{AE512EC9-837D-42D4-ADAD-482FBB599243}.Release|iPhone.Build.0 = Release|Any CPU
		{AE512EC9-837D-42D4-ADAD-482FBB599243}.Release|iPhoneSimulator.ActiveCfg = Release|Any CPU
		{AE512EC9-837D-42D4-ADAD-482FBB599243}.Release|iPhoneSimulator.Build.0 = Release|Any CPU
		{AE512EC9-837D-42D4-ADAD-482FBB599243}.Release|x64.ActiveCfg = Release|Any CPU
		{AE512EC9-837D-42D4-ADAD-482FBB599243}.Release|x64.Build.0 = Release|Any CPU
		{AE512EC9-837D-42D4-ADAD-482FBB599243}.Release|x86.ActiveCfg = Release|Any CPU
		{AE512EC9-837D-42D4-ADAD-482FBB599243}.Release|x86.Build.0 = Release|Any CPU
		{52441E96-2F31-4213-B7C1-24227F4D14B7}.Debug|Any CPU.ActiveCfg = Debug|Any CPU
		{52441E96-2F31-4213-B7C1-24227F4D14B7}.Debug|Any CPU.Build.0 = Debug|Any CPU
		{52441E96-2F31-4213-B7C1-24227F4D14B7}.Debug|Any CPU.Deploy.0 = Debug|Any CPU
		{52441E96-2F31-4213-B7C1-24227F4D14B7}.Debug|iPhone.ActiveCfg = Debug|Any CPU
		{52441E96-2F31-4213-B7C1-24227F4D14B7}.Debug|iPhone.Build.0 = Debug|Any CPU
		{52441E96-2F31-4213-B7C1-24227F4D14B7}.Debug|iPhone.Deploy.0 = Debug|Any CPU
		{52441E96-2F31-4213-B7C1-24227F4D14B7}.Debug|iPhoneSimulator.ActiveCfg = Debug|Any CPU
		{52441E96-2F31-4213-B7C1-24227F4D14B7}.Debug|iPhoneSimulator.Build.0 = Debug|Any CPU
		{52441E96-2F31-4213-B7C1-24227F4D14B7}.Debug|iPhoneSimulator.Deploy.0 = Debug|Any CPU
		{52441E96-2F31-4213-B7C1-24227F4D14B7}.Debug|x64.ActiveCfg = Debug|Any CPU
		{52441E96-2F31-4213-B7C1-24227F4D14B7}.Debug|x64.Build.0 = Debug|Any CPU
		{52441E96-2F31-4213-B7C1-24227F4D14B7}.Debug|x64.Deploy.0 = Debug|Any CPU
		{52441E96-2F31-4213-B7C1-24227F4D14B7}.Debug|x86.ActiveCfg = Debug|Any CPU
		{52441E96-2F31-4213-B7C1-24227F4D14B7}.Debug|x86.Build.0 = Debug|Any CPU
		{52441E96-2F31-4213-B7C1-24227F4D14B7}.Debug|x86.Deploy.0 = Debug|Any CPU
		{52441E96-2F31-4213-B7C1-24227F4D14B7}.Release|Any CPU.ActiveCfg = Release|Any CPU
		{52441E96-2F31-4213-B7C1-24227F4D14B7}.Release|Any CPU.Build.0 = Release|Any CPU
		{52441E96-2F31-4213-B7C1-24227F4D14B7}.Release|Any CPU.Deploy.0 = Release|Any CPU
		{52441E96-2F31-4213-B7C1-24227F4D14B7}.Release|iPhone.ActiveCfg = Release|Any CPU
		{52441E96-2F31-4213-B7C1-24227F4D14B7}.Release|iPhone.Build.0 = Release|Any CPU
		{52441E96-2F31-4213-B7C1-24227F4D14B7}.Release|iPhone.Deploy.0 = Release|Any CPU
		{52441E96-2F31-4213-B7C1-24227F4D14B7}.Release|iPhoneSimulator.ActiveCfg = Release|Any CPU
		{52441E96-2F31-4213-B7C1-24227F4D14B7}.Release|iPhoneSimulator.Build.0 = Release|Any CPU
		{52441E96-2F31-4213-B7C1-24227F4D14B7}.Release|iPhoneSimulator.Deploy.0 = Release|Any CPU
		{52441E96-2F31-4213-B7C1-24227F4D14B7}.Release|x64.ActiveCfg = Release|Any CPU
		{52441E96-2F31-4213-B7C1-24227F4D14B7}.Release|x64.Build.0 = Release|Any CPU
		{52441E96-2F31-4213-B7C1-24227F4D14B7}.Release|x64.Deploy.0 = Release|Any CPU
		{52441E96-2F31-4213-B7C1-24227F4D14B7}.Release|x86.ActiveCfg = Release|Any CPU
		{52441E96-2F31-4213-B7C1-24227F4D14B7}.Release|x86.Build.0 = Release|Any CPU
		{52441E96-2F31-4213-B7C1-24227F4D14B7}.Release|x86.Deploy.0 = Release|Any CPU
		{DA41B53C-615F-40E6-81C4-BDF3E7A90F57}.Debug|Any CPU.ActiveCfg = Debug|iPhoneSimulator
		{DA41B53C-615F-40E6-81C4-BDF3E7A90F57}.Debug|iPhone.ActiveCfg = Debug|iPhone
		{DA41B53C-615F-40E6-81C4-BDF3E7A90F57}.Debug|iPhone.Build.0 = Debug|iPhone
		{DA41B53C-615F-40E6-81C4-BDF3E7A90F57}.Debug|iPhoneSimulator.ActiveCfg = Debug|iPhoneSimulator
		{DA41B53C-615F-40E6-81C4-BDF3E7A90F57}.Debug|iPhoneSimulator.Build.0 = Debug|iPhoneSimulator
		{DA41B53C-615F-40E6-81C4-BDF3E7A90F57}.Debug|x64.ActiveCfg = Debug|iPhoneSimulator
		{DA41B53C-615F-40E6-81C4-BDF3E7A90F57}.Debug|x86.ActiveCfg = Debug|iPhoneSimulator
		{DA41B53C-615F-40E6-81C4-BDF3E7A90F57}.Release|Any CPU.ActiveCfg = Release|iPhoneSimulator
		{DA41B53C-615F-40E6-81C4-BDF3E7A90F57}.Release|iPhone.ActiveCfg = Release|iPhone
		{DA41B53C-615F-40E6-81C4-BDF3E7A90F57}.Release|iPhone.Build.0 = Release|iPhone
		{DA41B53C-615F-40E6-81C4-BDF3E7A90F57}.Release|iPhoneSimulator.ActiveCfg = Release|iPhoneSimulator
		{DA41B53C-615F-40E6-81C4-BDF3E7A90F57}.Release|iPhoneSimulator.Build.0 = Release|iPhoneSimulator
		{DA41B53C-615F-40E6-81C4-BDF3E7A90F57}.Release|x64.ActiveCfg = Release|iPhoneSimulator
		{DA41B53C-615F-40E6-81C4-BDF3E7A90F57}.Release|x86.ActiveCfg = Release|iPhoneSimulator
		{024E8176-D6A5-4C9D-816D-AC68D7FD2CF7}.Debug|Any CPU.ActiveCfg = Debug|Any CPU
		{024E8176-D6A5-4C9D-816D-AC68D7FD2CF7}.Debug|Any CPU.Build.0 = Debug|Any CPU
		{024E8176-D6A5-4C9D-816D-AC68D7FD2CF7}.Debug|iPhone.ActiveCfg = Debug|Any CPU
		{024E8176-D6A5-4C9D-816D-AC68D7FD2CF7}.Debug|iPhone.Build.0 = Debug|Any CPU
		{024E8176-D6A5-4C9D-816D-AC68D7FD2CF7}.Debug|iPhoneSimulator.ActiveCfg = Debug|Any CPU
		{024E8176-D6A5-4C9D-816D-AC68D7FD2CF7}.Debug|iPhoneSimulator.Build.0 = Debug|Any CPU
		{024E8176-D6A5-4C9D-816D-AC68D7FD2CF7}.Debug|x64.ActiveCfg = Debug|Any CPU
		{024E8176-D6A5-4C9D-816D-AC68D7FD2CF7}.Debug|x64.Build.0 = Debug|Any CPU
		{024E8176-D6A5-4C9D-816D-AC68D7FD2CF7}.Debug|x86.ActiveCfg = Debug|Any CPU
		{024E8176-D6A5-4C9D-816D-AC68D7FD2CF7}.Debug|x86.Build.0 = Debug|Any CPU
		{024E8176-D6A5-4C9D-816D-AC68D7FD2CF7}.Release|Any CPU.ActiveCfg = Release|Any CPU
		{024E8176-D6A5-4C9D-816D-AC68D7FD2CF7}.Release|Any CPU.Build.0 = Release|Any CPU
		{024E8176-D6A5-4C9D-816D-AC68D7FD2CF7}.Release|iPhone.ActiveCfg = Release|Any CPU
		{024E8176-D6A5-4C9D-816D-AC68D7FD2CF7}.Release|iPhone.Build.0 = Release|Any CPU
		{024E8176-D6A5-4C9D-816D-AC68D7FD2CF7}.Release|iPhoneSimulator.ActiveCfg = Release|Any CPU
		{024E8176-D6A5-4C9D-816D-AC68D7FD2CF7}.Release|iPhoneSimulator.Build.0 = Release|Any CPU
		{024E8176-D6A5-4C9D-816D-AC68D7FD2CF7}.Release|x64.ActiveCfg = Release|Any CPU
		{024E8176-D6A5-4C9D-816D-AC68D7FD2CF7}.Release|x64.Build.0 = Release|Any CPU
		{024E8176-D6A5-4C9D-816D-AC68D7FD2CF7}.Release|x86.ActiveCfg = Release|Any CPU
		{024E8176-D6A5-4C9D-816D-AC68D7FD2CF7}.Release|x86.Build.0 = Release|Any CPU
		{F75EA419-8DB8-407E-85FD-605EFDA36315}.Debug|Any CPU.ActiveCfg = Debug|Any CPU
		{F75EA419-8DB8-407E-85FD-605EFDA36315}.Debug|Any CPU.Build.0 = Debug|Any CPU
		{F75EA419-8DB8-407E-85FD-605EFDA36315}.Debug|iPhone.ActiveCfg = Debug|Any CPU
		{F75EA419-8DB8-407E-85FD-605EFDA36315}.Debug|iPhone.Build.0 = Debug|Any CPU
		{F75EA419-8DB8-407E-85FD-605EFDA36315}.Debug|iPhoneSimulator.ActiveCfg = Debug|Any CPU
		{F75EA419-8DB8-407E-85FD-605EFDA36315}.Debug|iPhoneSimulator.Build.0 = Debug|Any CPU
		{F75EA419-8DB8-407E-85FD-605EFDA36315}.Debug|x64.ActiveCfg = Debug|Any CPU
		{F75EA419-8DB8-407E-85FD-605EFDA36315}.Debug|x64.Build.0 = Debug|Any CPU
		{F75EA419-8DB8-407E-85FD-605EFDA36315}.Debug|x86.ActiveCfg = Debug|Any CPU
		{F75EA419-8DB8-407E-85FD-605EFDA36315}.Debug|x86.Build.0 = Debug|Any CPU
		{F75EA419-8DB8-407E-85FD-605EFDA36315}.Release|Any CPU.ActiveCfg = Release|Any CPU
		{F75EA419-8DB8-407E-85FD-605EFDA36315}.Release|Any CPU.Build.0 = Release|Any CPU
		{F75EA419-8DB8-407E-85FD-605EFDA36315}.Release|iPhone.ActiveCfg = Release|Any CPU
		{F75EA419-8DB8-407E-85FD-605EFDA36315}.Release|iPhone.Build.0 = Release|Any CPU
		{F75EA419-8DB8-407E-85FD-605EFDA36315}.Release|iPhoneSimulator.ActiveCfg = Release|Any CPU
		{F75EA419-8DB8-407E-85FD-605EFDA36315}.Release|iPhoneSimulator.Build.0 = Release|Any CPU
		{F75EA419-8DB8-407E-85FD-605EFDA36315}.Release|x64.ActiveCfg = Release|Any CPU
		{F75EA419-8DB8-407E-85FD-605EFDA36315}.Release|x64.Build.0 = Release|Any CPU
		{F75EA419-8DB8-407E-85FD-605EFDA36315}.Release|x86.ActiveCfg = Release|Any CPU
		{F75EA419-8DB8-407E-85FD-605EFDA36315}.Release|x86.Build.0 = Release|Any CPU
		{29A9B1B6-D39A-4CBE-A4AD-816C9539C436}.Debug|Any CPU.ActiveCfg = Debug|Any CPU
		{29A9B1B6-D39A-4CBE-A4AD-816C9539C436}.Debug|Any CPU.Build.0 = Debug|Any CPU
		{29A9B1B6-D39A-4CBE-A4AD-816C9539C436}.Debug|iPhone.ActiveCfg = Debug|Any CPU
		{29A9B1B6-D39A-4CBE-A4AD-816C9539C436}.Debug|iPhone.Build.0 = Debug|Any CPU
		{29A9B1B6-D39A-4CBE-A4AD-816C9539C436}.Debug|iPhoneSimulator.ActiveCfg = Debug|Any CPU
		{29A9B1B6-D39A-4CBE-A4AD-816C9539C436}.Debug|iPhoneSimulator.Build.0 = Debug|Any CPU
		{29A9B1B6-D39A-4CBE-A4AD-816C9539C436}.Debug|x64.ActiveCfg = Debug|Any CPU
		{29A9B1B6-D39A-4CBE-A4AD-816C9539C436}.Debug|x64.Build.0 = Debug|Any CPU
		{29A9B1B6-D39A-4CBE-A4AD-816C9539C436}.Debug|x86.ActiveCfg = Debug|Any CPU
		{29A9B1B6-D39A-4CBE-A4AD-816C9539C436}.Debug|x86.Build.0 = Debug|Any CPU
		{29A9B1B6-D39A-4CBE-A4AD-816C9539C436}.Release|Any CPU.ActiveCfg = Release|Any CPU
		{29A9B1B6-D39A-4CBE-A4AD-816C9539C436}.Release|Any CPU.Build.0 = Release|Any CPU
		{29A9B1B6-D39A-4CBE-A4AD-816C9539C436}.Release|iPhone.ActiveCfg = Release|Any CPU
		{29A9B1B6-D39A-4CBE-A4AD-816C9539C436}.Release|iPhone.Build.0 = Release|Any CPU
		{29A9B1B6-D39A-4CBE-A4AD-816C9539C436}.Release|iPhoneSimulator.ActiveCfg = Release|Any CPU
		{29A9B1B6-D39A-4CBE-A4AD-816C9539C436}.Release|iPhoneSimulator.Build.0 = Release|Any CPU
		{29A9B1B6-D39A-4CBE-A4AD-816C9539C436}.Release|x64.ActiveCfg = Release|Any CPU
		{29A9B1B6-D39A-4CBE-A4AD-816C9539C436}.Release|x64.Build.0 = Release|Any CPU
		{29A9B1B6-D39A-4CBE-A4AD-816C9539C436}.Release|x86.ActiveCfg = Release|Any CPU
		{29A9B1B6-D39A-4CBE-A4AD-816C9539C436}.Release|x86.Build.0 = Release|Any CPU
		{85AFED74-0F36-44B0-8AE8-33FA41F65BCA}.Debug|Any CPU.ActiveCfg = Debug|Any CPU
		{85AFED74-0F36-44B0-8AE8-33FA41F65BCA}.Debug|Any CPU.Build.0 = Debug|Any CPU
		{85AFED74-0F36-44B0-8AE8-33FA41F65BCA}.Debug|iPhone.ActiveCfg = Debug|Any CPU
		{85AFED74-0F36-44B0-8AE8-33FA41F65BCA}.Debug|iPhone.Build.0 = Debug|Any CPU
		{85AFED74-0F36-44B0-8AE8-33FA41F65BCA}.Debug|iPhoneSimulator.ActiveCfg = Debug|Any CPU
		{85AFED74-0F36-44B0-8AE8-33FA41F65BCA}.Debug|iPhoneSimulator.Build.0 = Debug|Any CPU
		{85AFED74-0F36-44B0-8AE8-33FA41F65BCA}.Debug|x64.ActiveCfg = Debug|Any CPU
		{85AFED74-0F36-44B0-8AE8-33FA41F65BCA}.Debug|x64.Build.0 = Debug|Any CPU
		{85AFED74-0F36-44B0-8AE8-33FA41F65BCA}.Debug|x86.ActiveCfg = Debug|Any CPU
		{85AFED74-0F36-44B0-8AE8-33FA41F65BCA}.Debug|x86.Build.0 = Debug|Any CPU
		{85AFED74-0F36-44B0-8AE8-33FA41F65BCA}.Release|Any CPU.ActiveCfg = Release|Any CPU
		{85AFED74-0F36-44B0-8AE8-33FA41F65BCA}.Release|Any CPU.Build.0 = Release|Any CPU
		{85AFED74-0F36-44B0-8AE8-33FA41F65BCA}.Release|iPhone.ActiveCfg = Release|Any CPU
		{85AFED74-0F36-44B0-8AE8-33FA41F65BCA}.Release|iPhone.Build.0 = Release|Any CPU
		{85AFED74-0F36-44B0-8AE8-33FA41F65BCA}.Release|iPhoneSimulator.ActiveCfg = Release|Any CPU
		{85AFED74-0F36-44B0-8AE8-33FA41F65BCA}.Release|iPhoneSimulator.Build.0 = Release|Any CPU
		{85AFED74-0F36-44B0-8AE8-33FA41F65BCA}.Release|x64.ActiveCfg = Release|Any CPU
		{85AFED74-0F36-44B0-8AE8-33FA41F65BCA}.Release|x64.Build.0 = Release|Any CPU
		{85AFED74-0F36-44B0-8AE8-33FA41F65BCA}.Release|x86.ActiveCfg = Release|Any CPU
		{85AFED74-0F36-44B0-8AE8-33FA41F65BCA}.Release|x86.Build.0 = Release|Any CPU
		{15D8A4BF-7F94-4707-BB6D-10407F494200}.Debug|Any CPU.ActiveCfg = Debug|Any CPU
		{15D8A4BF-7F94-4707-BB6D-10407F494200}.Debug|Any CPU.Build.0 = Debug|Any CPU
		{15D8A4BF-7F94-4707-BB6D-10407F494200}.Debug|iPhone.ActiveCfg = Debug|Any CPU
		{15D8A4BF-7F94-4707-BB6D-10407F494200}.Debug|iPhone.Build.0 = Debug|Any CPU
		{15D8A4BF-7F94-4707-BB6D-10407F494200}.Debug|iPhoneSimulator.ActiveCfg = Debug|Any CPU
		{15D8A4BF-7F94-4707-BB6D-10407F494200}.Debug|iPhoneSimulator.Build.0 = Debug|Any CPU
		{15D8A4BF-7F94-4707-BB6D-10407F494200}.Debug|x64.ActiveCfg = Debug|Any CPU
		{15D8A4BF-7F94-4707-BB6D-10407F494200}.Debug|x64.Build.0 = Debug|Any CPU
		{15D8A4BF-7F94-4707-BB6D-10407F494200}.Debug|x86.ActiveCfg = Debug|Any CPU
		{15D8A4BF-7F94-4707-BB6D-10407F494200}.Debug|x86.Build.0 = Debug|Any CPU
		{15D8A4BF-7F94-4707-BB6D-10407F494200}.Release|Any CPU.ActiveCfg = Release|Any CPU
		{15D8A4BF-7F94-4707-BB6D-10407F494200}.Release|Any CPU.Build.0 = Release|Any CPU
		{15D8A4BF-7F94-4707-BB6D-10407F494200}.Release|iPhone.ActiveCfg = Release|Any CPU
		{15D8A4BF-7F94-4707-BB6D-10407F494200}.Release|iPhone.Build.0 = Release|Any CPU
		{15D8A4BF-7F94-4707-BB6D-10407F494200}.Release|iPhoneSimulator.ActiveCfg = Release|Any CPU
		{15D8A4BF-7F94-4707-BB6D-10407F494200}.Release|iPhoneSimulator.Build.0 = Release|Any CPU
		{15D8A4BF-7F94-4707-BB6D-10407F494200}.Release|x64.ActiveCfg = Release|Any CPU
		{15D8A4BF-7F94-4707-BB6D-10407F494200}.Release|x64.Build.0 = Release|Any CPU
		{15D8A4BF-7F94-4707-BB6D-10407F494200}.Release|x86.ActiveCfg = Release|Any CPU
		{15D8A4BF-7F94-4707-BB6D-10407F494200}.Release|x86.Build.0 = Release|Any CPU
		{198BBBC8-B31A-4C20-B288-272C7F9E96DF}.Debug|Any CPU.ActiveCfg = Debug|Any CPU
		{198BBBC8-B31A-4C20-B288-272C7F9E96DF}.Debug|Any CPU.Build.0 = Debug|Any CPU
		{198BBBC8-B31A-4C20-B288-272C7F9E96DF}.Debug|iPhone.ActiveCfg = Debug|Any CPU
		{198BBBC8-B31A-4C20-B288-272C7F9E96DF}.Debug|iPhone.Build.0 = Debug|Any CPU
		{198BBBC8-B31A-4C20-B288-272C7F9E96DF}.Debug|iPhoneSimulator.ActiveCfg = Debug|Any CPU
		{198BBBC8-B31A-4C20-B288-272C7F9E96DF}.Debug|iPhoneSimulator.Build.0 = Debug|Any CPU
		{198BBBC8-B31A-4C20-B288-272C7F9E96DF}.Debug|x64.ActiveCfg = Debug|Any CPU
		{198BBBC8-B31A-4C20-B288-272C7F9E96DF}.Debug|x64.Build.0 = Debug|Any CPU
		{198BBBC8-B31A-4C20-B288-272C7F9E96DF}.Debug|x86.ActiveCfg = Debug|Any CPU
		{198BBBC8-B31A-4C20-B288-272C7F9E96DF}.Debug|x86.Build.0 = Debug|Any CPU
		{198BBBC8-B31A-4C20-B288-272C7F9E96DF}.Release|Any CPU.ActiveCfg = Release|Any CPU
		{198BBBC8-B31A-4C20-B288-272C7F9E96DF}.Release|Any CPU.Build.0 = Release|Any CPU
		{198BBBC8-B31A-4C20-B288-272C7F9E96DF}.Release|iPhone.ActiveCfg = Release|Any CPU
		{198BBBC8-B31A-4C20-B288-272C7F9E96DF}.Release|iPhone.Build.0 = Release|Any CPU
		{198BBBC8-B31A-4C20-B288-272C7F9E96DF}.Release|iPhoneSimulator.ActiveCfg = Release|Any CPU
		{198BBBC8-B31A-4C20-B288-272C7F9E96DF}.Release|iPhoneSimulator.Build.0 = Release|Any CPU
		{198BBBC8-B31A-4C20-B288-272C7F9E96DF}.Release|x64.ActiveCfg = Release|Any CPU
		{198BBBC8-B31A-4C20-B288-272C7F9E96DF}.Release|x64.Build.0 = Release|Any CPU
		{198BBBC8-B31A-4C20-B288-272C7F9E96DF}.Release|x86.ActiveCfg = Release|Any CPU
		{198BBBC8-B31A-4C20-B288-272C7F9E96DF}.Release|x86.Build.0 = Release|Any CPU
		{F02F028B-D3B2-48AE-84F4-E090185DCBB3}.Debug|Any CPU.ActiveCfg = Debug|Any CPU
		{F02F028B-D3B2-48AE-84F4-E090185DCBB3}.Debug|Any CPU.Build.0 = Debug|Any CPU
		{F02F028B-D3B2-48AE-84F4-E090185DCBB3}.Debug|iPhone.ActiveCfg = Debug|Any CPU
		{F02F028B-D3B2-48AE-84F4-E090185DCBB3}.Debug|iPhone.Build.0 = Debug|Any CPU
		{F02F028B-D3B2-48AE-84F4-E090185DCBB3}.Debug|iPhoneSimulator.ActiveCfg = Debug|Any CPU
		{F02F028B-D3B2-48AE-84F4-E090185DCBB3}.Debug|iPhoneSimulator.Build.0 = Debug|Any CPU
		{F02F028B-D3B2-48AE-84F4-E090185DCBB3}.Debug|x64.ActiveCfg = Debug|Any CPU
		{F02F028B-D3B2-48AE-84F4-E090185DCBB3}.Debug|x64.Build.0 = Debug|Any CPU
		{F02F028B-D3B2-48AE-84F4-E090185DCBB3}.Debug|x86.ActiveCfg = Debug|Any CPU
		{F02F028B-D3B2-48AE-84F4-E090185DCBB3}.Debug|x86.Build.0 = Debug|Any CPU
		{F02F028B-D3B2-48AE-84F4-E090185DCBB3}.Release|Any CPU.ActiveCfg = Release|Any CPU
		{F02F028B-D3B2-48AE-84F4-E090185DCBB3}.Release|Any CPU.Build.0 = Release|Any CPU
		{F02F028B-D3B2-48AE-84F4-E090185DCBB3}.Release|iPhone.ActiveCfg = Release|Any CPU
		{F02F028B-D3B2-48AE-84F4-E090185DCBB3}.Release|iPhone.Build.0 = Release|Any CPU
		{F02F028B-D3B2-48AE-84F4-E090185DCBB3}.Release|iPhoneSimulator.ActiveCfg = Release|Any CPU
		{F02F028B-D3B2-48AE-84F4-E090185DCBB3}.Release|iPhoneSimulator.Build.0 = Release|Any CPU
		{F02F028B-D3B2-48AE-84F4-E090185DCBB3}.Release|x64.ActiveCfg = Release|Any CPU
		{F02F028B-D3B2-48AE-84F4-E090185DCBB3}.Release|x64.Build.0 = Release|Any CPU
		{F02F028B-D3B2-48AE-84F4-E090185DCBB3}.Release|x86.ActiveCfg = Release|Any CPU
		{F02F028B-D3B2-48AE-84F4-E090185DCBB3}.Release|x86.Build.0 = Release|Any CPU
		{8740D847-E398-4E62-80A0-F9385B342EB9}.Debug|Any CPU.ActiveCfg = Debug|Any CPU
		{8740D847-E398-4E62-80A0-F9385B342EB9}.Debug|Any CPU.Build.0 = Debug|Any CPU
		{8740D847-E398-4E62-80A0-F9385B342EB9}.Debug|iPhone.ActiveCfg = Debug|Any CPU
		{8740D847-E398-4E62-80A0-F9385B342EB9}.Debug|iPhone.Build.0 = Debug|Any CPU
		{8740D847-E398-4E62-80A0-F9385B342EB9}.Debug|iPhoneSimulator.ActiveCfg = Debug|Any CPU
		{8740D847-E398-4E62-80A0-F9385B342EB9}.Debug|iPhoneSimulator.Build.0 = Debug|Any CPU
		{8740D847-E398-4E62-80A0-F9385B342EB9}.Debug|x64.ActiveCfg = Debug|Any CPU
		{8740D847-E398-4E62-80A0-F9385B342EB9}.Debug|x64.Build.0 = Debug|Any CPU
		{8740D847-E398-4E62-80A0-F9385B342EB9}.Debug|x86.ActiveCfg = Debug|Any CPU
		{8740D847-E398-4E62-80A0-F9385B342EB9}.Debug|x86.Build.0 = Debug|Any CPU
		{8740D847-E398-4E62-80A0-F9385B342EB9}.Release|Any CPU.ActiveCfg = Release|Any CPU
		{8740D847-E398-4E62-80A0-F9385B342EB9}.Release|Any CPU.Build.0 = Release|Any CPU
		{8740D847-E398-4E62-80A0-F9385B342EB9}.Release|iPhone.ActiveCfg = Release|Any CPU
		{8740D847-E398-4E62-80A0-F9385B342EB9}.Release|iPhone.Build.0 = Release|Any CPU
		{8740D847-E398-4E62-80A0-F9385B342EB9}.Release|iPhoneSimulator.ActiveCfg = Release|Any CPU
		{8740D847-E398-4E62-80A0-F9385B342EB9}.Release|iPhoneSimulator.Build.0 = Release|Any CPU
		{8740D847-E398-4E62-80A0-F9385B342EB9}.Release|x64.ActiveCfg = Release|Any CPU
		{8740D847-E398-4E62-80A0-F9385B342EB9}.Release|x64.Build.0 = Release|Any CPU
		{8740D847-E398-4E62-80A0-F9385B342EB9}.Release|x86.ActiveCfg = Release|Any CPU
		{8740D847-E398-4E62-80A0-F9385B342EB9}.Release|x86.Build.0 = Release|Any CPU
		{33853870-24B8-4A32-9A1E-E709A8416D94}.Debug|Any CPU.ActiveCfg = Debug|Any CPU
		{33853870-24B8-4A32-9A1E-E709A8416D94}.Debug|Any CPU.Build.0 = Debug|Any CPU
		{33853870-24B8-4A32-9A1E-E709A8416D94}.Debug|iPhone.ActiveCfg = Debug|Any CPU
		{33853870-24B8-4A32-9A1E-E709A8416D94}.Debug|iPhone.Build.0 = Debug|Any CPU
		{33853870-24B8-4A32-9A1E-E709A8416D94}.Debug|iPhoneSimulator.ActiveCfg = Debug|Any CPU
		{33853870-24B8-4A32-9A1E-E709A8416D94}.Debug|iPhoneSimulator.Build.0 = Debug|Any CPU
		{33853870-24B8-4A32-9A1E-E709A8416D94}.Debug|x64.ActiveCfg = Debug|Any CPU
		{33853870-24B8-4A32-9A1E-E709A8416D94}.Debug|x64.Build.0 = Debug|Any CPU
		{33853870-24B8-4A32-9A1E-E709A8416D94}.Debug|x86.ActiveCfg = Debug|Any CPU
		{33853870-24B8-4A32-9A1E-E709A8416D94}.Debug|x86.Build.0 = Debug|Any CPU
		{33853870-24B8-4A32-9A1E-E709A8416D94}.Release|Any CPU.ActiveCfg = Release|Any CPU
		{33853870-24B8-4A32-9A1E-E709A8416D94}.Release|Any CPU.Build.0 = Release|Any CPU
		{33853870-24B8-4A32-9A1E-E709A8416D94}.Release|iPhone.ActiveCfg = Release|Any CPU
		{33853870-24B8-4A32-9A1E-E709A8416D94}.Release|iPhone.Build.0 = Release|Any CPU
		{33853870-24B8-4A32-9A1E-E709A8416D94}.Release|iPhoneSimulator.ActiveCfg = Release|Any CPU
		{33853870-24B8-4A32-9A1E-E709A8416D94}.Release|iPhoneSimulator.Build.0 = Release|Any CPU
		{33853870-24B8-4A32-9A1E-E709A8416D94}.Release|x64.ActiveCfg = Release|Any CPU
		{33853870-24B8-4A32-9A1E-E709A8416D94}.Release|x64.Build.0 = Release|Any CPU
		{33853870-24B8-4A32-9A1E-E709A8416D94}.Release|x86.ActiveCfg = Release|Any CPU
		{33853870-24B8-4A32-9A1E-E709A8416D94}.Release|x86.Build.0 = Release|Any CPU
		{6775C720-6106-42D6-8F3F-062C419443D8}.Debug|Any CPU.ActiveCfg = Debug|Any CPU
		{6775C720-6106-42D6-8F3F-062C419443D8}.Debug|Any CPU.Build.0 = Debug|Any CPU
		{6775C720-6106-42D6-8F3F-062C419443D8}.Debug|iPhone.ActiveCfg = Debug|Any CPU
		{6775C720-6106-42D6-8F3F-062C419443D8}.Debug|iPhone.Build.0 = Debug|Any CPU
		{6775C720-6106-42D6-8F3F-062C419443D8}.Debug|iPhoneSimulator.ActiveCfg = Debug|Any CPU
		{6775C720-6106-42D6-8F3F-062C419443D8}.Debug|iPhoneSimulator.Build.0 = Debug|Any CPU
		{6775C720-6106-42D6-8F3F-062C419443D8}.Debug|x64.ActiveCfg = Debug|Any CPU
		{6775C720-6106-42D6-8F3F-062C419443D8}.Debug|x64.Build.0 = Debug|Any CPU
		{6775C720-6106-42D6-8F3F-062C419443D8}.Debug|x86.ActiveCfg = Debug|Any CPU
		{6775C720-6106-42D6-8F3F-062C419443D8}.Debug|x86.Build.0 = Debug|Any CPU
		{6775C720-6106-42D6-8F3F-062C419443D8}.Release|Any CPU.ActiveCfg = Release|Any CPU
		{6775C720-6106-42D6-8F3F-062C419443D8}.Release|Any CPU.Build.0 = Release|Any CPU
		{6775C720-6106-42D6-8F3F-062C419443D8}.Release|iPhone.ActiveCfg = Release|Any CPU
		{6775C720-6106-42D6-8F3F-062C419443D8}.Release|iPhone.Build.0 = Release|Any CPU
		{6775C720-6106-42D6-8F3F-062C419443D8}.Release|iPhoneSimulator.ActiveCfg = Release|Any CPU
		{6775C720-6106-42D6-8F3F-062C419443D8}.Release|iPhoneSimulator.Build.0 = Release|Any CPU
		{6775C720-6106-42D6-8F3F-062C419443D8}.Release|x64.ActiveCfg = Release|Any CPU
		{6775C720-6106-42D6-8F3F-062C419443D8}.Release|x64.Build.0 = Release|Any CPU
		{6775C720-6106-42D6-8F3F-062C419443D8}.Release|x86.ActiveCfg = Release|Any CPU
		{6775C720-6106-42D6-8F3F-062C419443D8}.Release|x86.Build.0 = Release|Any CPU
		{957F459A-B7AA-486E-8D2A-15A98A6E3EC8}.Debug|Any CPU.ActiveCfg = Debug|Any CPU
		{957F459A-B7AA-486E-8D2A-15A98A6E3EC8}.Debug|Any CPU.Build.0 = Debug|Any CPU
		{957F459A-B7AA-486E-8D2A-15A98A6E3EC8}.Debug|iPhone.ActiveCfg = Debug|Any CPU
		{957F459A-B7AA-486E-8D2A-15A98A6E3EC8}.Debug|iPhone.Build.0 = Debug|Any CPU
		{957F459A-B7AA-486E-8D2A-15A98A6E3EC8}.Debug|iPhoneSimulator.ActiveCfg = Debug|Any CPU
		{957F459A-B7AA-486E-8D2A-15A98A6E3EC8}.Debug|iPhoneSimulator.Build.0 = Debug|Any CPU
		{957F459A-B7AA-486E-8D2A-15A98A6E3EC8}.Debug|x64.ActiveCfg = Debug|Any CPU
		{957F459A-B7AA-486E-8D2A-15A98A6E3EC8}.Debug|x64.Build.0 = Debug|Any CPU
		{957F459A-B7AA-486E-8D2A-15A98A6E3EC8}.Debug|x86.ActiveCfg = Debug|Any CPU
		{957F459A-B7AA-486E-8D2A-15A98A6E3EC8}.Debug|x86.Build.0 = Debug|Any CPU
		{957F459A-B7AA-486E-8D2A-15A98A6E3EC8}.Release|Any CPU.ActiveCfg = Release|Any CPU
		{957F459A-B7AA-486E-8D2A-15A98A6E3EC8}.Release|Any CPU.Build.0 = Release|Any CPU
		{957F459A-B7AA-486E-8D2A-15A98A6E3EC8}.Release|iPhone.ActiveCfg = Release|Any CPU
		{957F459A-B7AA-486E-8D2A-15A98A6E3EC8}.Release|iPhone.Build.0 = Release|Any CPU
		{957F459A-B7AA-486E-8D2A-15A98A6E3EC8}.Release|iPhoneSimulator.ActiveCfg = Release|Any CPU
		{957F459A-B7AA-486E-8D2A-15A98A6E3EC8}.Release|iPhoneSimulator.Build.0 = Release|Any CPU
		{957F459A-B7AA-486E-8D2A-15A98A6E3EC8}.Release|x64.ActiveCfg = Release|Any CPU
		{957F459A-B7AA-486E-8D2A-15A98A6E3EC8}.Release|x64.Build.0 = Release|Any CPU
		{957F459A-B7AA-486E-8D2A-15A98A6E3EC8}.Release|x86.ActiveCfg = Release|Any CPU
		{957F459A-B7AA-486E-8D2A-15A98A6E3EC8}.Release|x86.Build.0 = Release|Any CPU
		{A7F47B86-4B40-4A7F-95D8-FC3930DF0C85}.Debug|Any CPU.ActiveCfg = Debug|Any CPU
		{A7F47B86-4B40-4A7F-95D8-FC3930DF0C85}.Debug|Any CPU.Build.0 = Debug|Any CPU
		{A7F47B86-4B40-4A7F-95D8-FC3930DF0C85}.Debug|Any CPU.Deploy.0 = Debug|Any CPU
		{A7F47B86-4B40-4A7F-95D8-FC3930DF0C85}.Debug|iPhone.ActiveCfg = Debug|Any CPU
		{A7F47B86-4B40-4A7F-95D8-FC3930DF0C85}.Debug|iPhone.Build.0 = Debug|Any CPU
		{A7F47B86-4B40-4A7F-95D8-FC3930DF0C85}.Debug|iPhoneSimulator.ActiveCfg = Debug|Any CPU
		{A7F47B86-4B40-4A7F-95D8-FC3930DF0C85}.Debug|iPhoneSimulator.Build.0 = Debug|Any CPU
		{A7F47B86-4B40-4A7F-95D8-FC3930DF0C85}.Debug|x64.ActiveCfg = Debug|Any CPU
		{A7F47B86-4B40-4A7F-95D8-FC3930DF0C85}.Debug|x64.Build.0 = Debug|Any CPU
		{A7F47B86-4B40-4A7F-95D8-FC3930DF0C85}.Debug|x86.ActiveCfg = Debug|Any CPU
		{A7F47B86-4B40-4A7F-95D8-FC3930DF0C85}.Debug|x86.Build.0 = Debug|Any CPU
		{A7F47B86-4B40-4A7F-95D8-FC3930DF0C85}.Release|Any CPU.ActiveCfg = Release|Any CPU
		{A7F47B86-4B40-4A7F-95D8-FC3930DF0C85}.Release|Any CPU.Build.0 = Release|Any CPU
		{A7F47B86-4B40-4A7F-95D8-FC3930DF0C85}.Release|Any CPU.Deploy.0 = Release|Any CPU
		{A7F47B86-4B40-4A7F-95D8-FC3930DF0C85}.Release|iPhone.ActiveCfg = Release|Any CPU
		{A7F47B86-4B40-4A7F-95D8-FC3930DF0C85}.Release|iPhone.Build.0 = Release|Any CPU
		{A7F47B86-4B40-4A7F-95D8-FC3930DF0C85}.Release|iPhoneSimulator.ActiveCfg = Release|Any CPU
		{A7F47B86-4B40-4A7F-95D8-FC3930DF0C85}.Release|iPhoneSimulator.Build.0 = Release|Any CPU
		{A7F47B86-4B40-4A7F-95D8-FC3930DF0C85}.Release|x64.ActiveCfg = Release|Any CPU
		{A7F47B86-4B40-4A7F-95D8-FC3930DF0C85}.Release|x64.Build.0 = Release|Any CPU
		{A7F47B86-4B40-4A7F-95D8-FC3930DF0C85}.Release|x86.ActiveCfg = Release|Any CPU
		{A7F47B86-4B40-4A7F-95D8-FC3930DF0C85}.Release|x86.Build.0 = Release|Any CPU
	EndGlobalSection
	GlobalSection(SolutionProperties) = preSolution
		HideSolutionNode = FALSE
	EndGlobalSection
	GlobalSection(NestedProjects) = preSolution
		{A9B5722F-DFC4-4A3E-BA20-8CE24EBED9C1} = {E1EF93AF-DC8D-4825-B9F1-AE80703B2943}
		{0C0C36C3-5A16-4E9E-B29A-B670C6FF53DD} = {E1EF93AF-DC8D-4825-B9F1-AE80703B2943}
		{89D18B3D-A9E7-4928-955B-D65C5C9CD7A4} = {E1EF93AF-DC8D-4825-B9F1-AE80703B2943}
		{3495E59A-E9EF-46BD-922F-D0BCABB10D72} = {E1EF93AF-DC8D-4825-B9F1-AE80703B2943}
		{9EABA68F-46BB-4E67-B740-1B8732D45BB0} = {34DFF1AB-433A-4BF2-A1BD-1BC11288556E}
		{9C106D03-1713-4B2E-AD83-4B99A0DD6F17} = {34DFF1AB-433A-4BF2-A1BD-1BC11288556E}
		{E26AD196-1656-488E-BA36-8DE042A0EFB6} = {34DFF1AB-433A-4BF2-A1BD-1BC11288556E}
		{1BE2B82E-497E-490E-BDCD-8C856077E5DD} = {34DFF1AB-433A-4BF2-A1BD-1BC11288556E}
		{271FAB20-CE14-4401-8244-616B0FE3DA8C} = {AE42DF8F-F082-4673-B441-CA4741871EDB}
		{AE512EC9-837D-42D4-ADAD-482FBB599243} = {AE42DF8F-F082-4673-B441-CA4741871EDB}
		{52441E96-2F31-4213-B7C1-24227F4D14B7} = {AE42DF8F-F082-4673-B441-CA4741871EDB}
		{DA41B53C-615F-40E6-81C4-BDF3E7A90F57} = {AE42DF8F-F082-4673-B441-CA4741871EDB}
		{30B44099-DFD5-486C-A4FE-C9676791CBCD} = {E1EF93AF-DC8D-4825-B9F1-AE80703B2943}
		{3D621AD2-9037-4FA9-BDD1-51C36AD2EB41} = {34DFF1AB-433A-4BF2-A1BD-1BC11288556E}
		{024E8176-D6A5-4C9D-816D-AC68D7FD2CF7} = {E1EF93AF-DC8D-4825-B9F1-AE80703B2943}
		{F75EA419-8DB8-407E-85FD-605EFDA36315} = {E1EF93AF-DC8D-4825-B9F1-AE80703B2943}
		{29A9B1B6-D39A-4CBE-A4AD-816C9539C436} = {E1EF93AF-DC8D-4825-B9F1-AE80703B2943}
		{85AFED74-0F36-44B0-8AE8-33FA41F65BCA} = {E1EF93AF-DC8D-4825-B9F1-AE80703B2943}
		{198BBBC8-B31A-4C20-B288-272C7F9E96DF} = {AE42DF8F-F082-4673-B441-CA4741871EDB}
		{F02F028B-D3B2-48AE-84F4-E090185DCBB3} = {E1EF93AF-DC8D-4825-B9F1-AE80703B2943}
		{8740D847-E398-4E62-80A0-F9385B342EB9} = {AE42DF8F-F082-4673-B441-CA4741871EDB}
		{33853870-24B8-4A32-9A1E-E709A8416D94} = {AE42DF8F-F082-4673-B441-CA4741871EDB}
		{6775C720-6106-42D6-8F3F-062C419443D8} = {E1EF93AF-DC8D-4825-B9F1-AE80703B2943}
		{957F459A-B7AA-486E-8D2A-15A98A6E3EC8} = {34DFF1AB-433A-4BF2-A1BD-1BC11288556E}
		{A7F47B86-4B40-4A7F-95D8-FC3930DF0C85} = {AE42DF8F-F082-4673-B441-CA4741871EDB}
	EndGlobalSection
	GlobalSection(ExtensibilityGlobals) = postSolution
		SolutionGuid = {BBFC9127-DF00-440C-BFE6-99D620181698}
	EndGlobalSection
	GlobalSection(SharedMSBuildProjectFiles) = preSolution
		Core\Shared\Shipwreck.ViewModelUtils.Core.Shared.projitems*{0c0c36c3-5a16-4e9e-b29a-b670c6ff53dd}*SharedItemsImports = 5
		Framework\Converters\Shipwreck.ViewModelUtils.Converters.projitems*{1be2b82e-497e-490e-bdcd-8c856077e5dd}*SharedItemsImports = 5
		Framework\Shared\Shipwreck.ViewModelUtils.Shared.projitems*{1be2b82e-497e-490e-bdcd-8c856077e5dd}*SharedItemsImports = 5
		Core\Converters\Shipwreck.ViewModelUtils.Core.Converters.projitems*{30b44099-dfd5-486c-a4fe-c9676791cbcd}*SharedItemsImports = 13
		Core\Converters\Shipwreck.ViewModelUtils.Core.Converters.projitems*{3495e59a-e9ef-46bd-922f-d0bcabb10d72}*SharedItemsImports = 5
		Core\Shared\Shipwreck.ViewModelUtils.Core.Shared.projitems*{3495e59a-e9ef-46bd-922f-d0bcabb10d72}*SharedItemsImports = 5
		Framework\Converters\Shipwreck.ViewModelUtils.Converters.projitems*{3d621ad2-9037-4fa9-bdd1-51c36ad2eb41}*SharedItemsImports = 13
		Core\Converters\Shipwreck.ViewModelUtils.Core.Converters.projitems*{6775c720-6106-42d6-8f3f-062c419443d8}*SharedItemsImports = 5
		Core\Shared\Shipwreck.ViewModelUtils.Core.Shared.projitems*{6775c720-6106-42d6-8f3f-062c419443d8}*SharedItemsImports = 5
		Core\Converters\Shipwreck.ViewModelUtils.Core.Converters.projitems*{89d18b3d-a9e7-4928-955b-d65c5c9cd7a4}*SharedItemsImports = 5
		Core\Shared\Shipwreck.ViewModelUtils.Core.Shared.projitems*{89d18b3d-a9e7-4928-955b-d65c5c9cd7a4}*SharedItemsImports = 5
		Framework\Converters\Shipwreck.ViewModelUtils.Converters.projitems*{957f459a-b7aa-486e-8d2a-15a98a6e3ec8}*SharedItemsImports = 5
		Framework\Shared\Shipwreck.ViewModelUtils.Shared.projitems*{957f459a-b7aa-486e-8d2a-15a98a6e3ec8}*SharedItemsImports = 5
		Framework\Shared\Shipwreck.ViewModelUtils.Shared.projitems*{9c106d03-1713-4b2e-ad83-4b99a0dd6f17}*SharedItemsImports = 5
		Framework\Shared\Shipwreck.ViewModelUtils.Shared.projitems*{9eaba68f-46bb-4e67-b740-1b8732d45bb0}*SharedItemsImports = 13
		Core\Shared\Shipwreck.ViewModelUtils.Core.Shared.projitems*{a9b5722f-dfc4-4a3e-ba20-8ce24ebed9c1}*SharedItemsImports = 13
		Framework\Converters\Shipwreck.ViewModelUtils.Converters.projitems*{e26ad196-1656-488e-ba36-8de042a0efb6}*SharedItemsImports = 5
		Framework\Shared\Shipwreck.ViewModelUtils.Shared.projitems*{e26ad196-1656-488e-ba36-8de042a0efb6}*SharedItemsImports = 5
	EndGlobalSection
EndGlobal
