
Microsoft Visual Studio Solution File, Format Version 12.00
# Visual Studio Version 16
VisualStudioVersion = 16.0.30803.129
MinimumVisualStudioVersion = 15.0.26124.0
Project("{2150E333-8FDC-42A3-9474-1A3956D46DE8}") = "_common", "_common", "{4FC26686-C947-4981-987F-EE35E92C9677}"
	ProjectSection(SolutionItems) = preProject
		..\.editorconfig = ..\.editorconfig
		..\.gitattributes = ..\.gitattributes
		..\.gitignore = ..\.gitignore
		Directory.build.props = Directory.build.props
	EndProjectSection
EndProject
Project("{2150E333-8FDC-42A3-9474-1A3956D46DE8}") = "FontAwesome5", "FontAwesome5", "{063416B2-C684-4F04-9B35-CC244082A1AF}"
EndProject
Project("{D954291E-2A0B-460D-934E-DC6B0785DB48}") = "Shipwreck.ViewModelUtils.Shared", "Shared\Shipwreck.ViewModelUtils.Shared.shproj", "{A9B5722F-DFC4-4A3E-BA20-8CE24EBED9C1}"
EndProject
Project("{9A19103F-16F7-4668-BE54-9A1E7A4F7556}") = "Shipwreck.ViewModelUtils.Blazor", "Blazor\Shipwreck.ViewModelUtils.Blazor.csproj", "{D59D8EB9-B2A0-4FC5-80D5-750215EED6AF}"
EndProject
Project("{9A19103F-16F7-4668-BE54-9A1E7A4F7556}") = "Shipwreck.ViewModelUtils.PresentationFramework", "PresentationFramework\Shipwreck.ViewModelUtils.PresentationFramework.csproj", "{5DFE0643-63E9-4617-BAE9-D1A9352B4B32}"
EndProject
Project("{9A19103F-16F7-4668-BE54-9A1E7A4F7556}") = "Shipwreck.ViewModelUtils.XamarinForms", "XamarinForms\Shipwreck.ViewModelUtils.XamarinForms.csproj", "{2EC993AF-49DD-4D37-B31D-112EEC26D5B9}"
EndProject
Project("{9A19103F-16F7-4668-BE54-9A1E7A4F7556}") = "Shipwreck.ViewModelUtils.FontAwesome5.PresentationFramework", "FontAwesome5\PresentationFramework\Shipwreck.ViewModelUtils.FontAwesome5.PresentationFramework.csproj", "{F8D1D8B8-7D93-464B-85A7-6E5F1B6ED214}"
EndProject
Project("{9A19103F-16F7-4668-BE54-9A1E7A4F7556}") = "Shipwreck.ViewModelUtils.FontAwesome5.XamarinForms", "FontAwesome5\XamarinForms\Shipwreck.ViewModelUtils.FontAwesome5.XamarinForms.csproj", "{2550B9F3-8766-4217-8583-892DBE7BFC44}"
EndProject
Project("{D954291E-2A0B-460D-934E-DC6B0785DB48}") = "Shipwreck.ViewModelUtils.FontAwesome5.Shared", "FontAwesome5\Shared\Shipwreck.ViewModelUtils.FontAwesome5.Shared.shproj", "{8D2936ED-80E7-445A-B59A-172ECF1D167C}"
EndProject
Project("{2150E333-8FDC-42A3-9474-1A3956D46DE8}") = "Bootstrap4", "Bootstrap4", "{7988F33D-EED1-4AE0-9DAF-B289E195E877}"
EndProject
Project("{9A19103F-16F7-4668-BE54-9A1E7A4F7556}") = "Shipwreck.ViewModelUtils.Bootstrap4.Blazor", "Bootstrap4\Blazor\Shipwreck.ViewModelUtils.Bootstrap4.Blazor.csproj", "{28E8AEBB-3E36-411E-99C8-DA9A1129038B}"
EndProject
Project("{9A19103F-16F7-4668-BE54-9A1E7A4F7556}") = "Shipwreck.ViewModelUtils.Bootstrap4.PresentationFramework", "Bootstrap4\PresentationFramework\Shipwreck.ViewModelUtils.Bootstrap4.PresentationFramework.csproj", "{D18FD789-CDAD-4B01-8B10-59D131675F07}"
EndProject
Project("{9A19103F-16F7-4668-BE54-9A1E7A4F7556}") = "Shipwreck.ViewModelUtils.Bootstrap4.XamarinForms", "Bootstrap4\XamarinForms\Shipwreck.ViewModelUtils.Bootstrap4.XamarinForms.csproj", "{06C27048-CA49-46D9-92C0-3656EC5B8642}"
EndProject
Project("{D954291E-2A0B-460D-934E-DC6B0785DB48}") = "Shipwreck.ViewModelUtils.Bootstrap4.Shared", "Bootstrap4\Shared\Shipwreck.ViewModelUtils.Bootstrap4.Shared.shproj", "{35BB9748-7738-45F7-B7C7-751346C985D8}"
EndProject
Global
	GlobalSection(SharedMSBuildProjectFiles) = preSolution
		Bootstrap4\Shared\Shipwreck.ViewModelUtils.Bootstrap4.Shared.projitems*{06c27048-ca49-46d9-92c0-3656ec5b8642}*SharedItemsImports = 5
		FontAwesome5\Shared\Shipwreck.ViewModelUtils.FontAwesome5.Shared.projitems*{2550b9f3-8766-4217-8583-892dbe7bfc44}*SharedItemsImports = 5
		Shared\Shipwreck.ViewModelUtils.Shared.projitems*{2ec993af-49dd-4d37-b31d-112eec26d5b9}*SharedItemsImports = 5
		Bootstrap4\Shared\Shipwreck.ViewModelUtils.Bootstrap4.Shared.projitems*{35bb9748-7738-45f7-b7c7-751346c985d8}*SharedItemsImports = 13
		Shared\Shipwreck.ViewModelUtils.Shared.projitems*{5dfe0643-63e9-4617-bae9-d1a9352b4b32}*SharedItemsImports = 5
		FontAwesome5\Shared\Shipwreck.ViewModelUtils.FontAwesome5.Shared.projitems*{8d2936ed-80e7-445a-b59a-172ecf1d167c}*SharedItemsImports = 13
		Shared\Shipwreck.ViewModelUtils.Shared.projitems*{a9b5722f-dfc4-4a3e-ba20-8ce24ebed9c1}*SharedItemsImports = 13
		Bootstrap4\Shared\Shipwreck.ViewModelUtils.Bootstrap4.Shared.projitems*{d18fd789-cdad-4b01-8b10-59d131675f07}*SharedItemsImports = 5
		Shared\Shipwreck.ViewModelUtils.Shared.projitems*{d59d8eb9-b2a0-4fc5-80d5-750215eed6af}*SharedItemsImports = 5
		FontAwesome5\Shared\Shipwreck.ViewModelUtils.FontAwesome5.Shared.projitems*{f8d1d8b8-7d93-464b-85a7-6e5f1b6ed214}*SharedItemsImports = 5
	EndGlobalSection
	GlobalSection(SolutionConfigurationPlatforms) = preSolution
		Debug|Any CPU = Debug|Any CPU
		Debug|x64 = Debug|x64
		Debug|x86 = Debug|x86
		Release|Any CPU = Release|Any CPU
		Release|x64 = Release|x64
		Release|x86 = Release|x86
	EndGlobalSection
	GlobalSection(ProjectConfigurationPlatforms) = postSolution
		{D59D8EB9-B2A0-4FC5-80D5-750215EED6AF}.Debug|Any CPU.ActiveCfg = Debug|Any CPU
		{D59D8EB9-B2A0-4FC5-80D5-750215EED6AF}.Debug|Any CPU.Build.0 = Debug|Any CPU
		{D59D8EB9-B2A0-4FC5-80D5-750215EED6AF}.Debug|x64.ActiveCfg = Debug|Any CPU
		{D59D8EB9-B2A0-4FC5-80D5-750215EED6AF}.Debug|x64.Build.0 = Debug|Any CPU
		{D59D8EB9-B2A0-4FC5-80D5-750215EED6AF}.Debug|x86.ActiveCfg = Debug|Any CPU
		{D59D8EB9-B2A0-4FC5-80D5-750215EED6AF}.Debug|x86.Build.0 = Debug|Any CPU
		{D59D8EB9-B2A0-4FC5-80D5-750215EED6AF}.Release|Any CPU.ActiveCfg = Release|Any CPU
		{D59D8EB9-B2A0-4FC5-80D5-750215EED6AF}.Release|Any CPU.Build.0 = Release|Any CPU
		{D59D8EB9-B2A0-4FC5-80D5-750215EED6AF}.Release|x64.ActiveCfg = Release|Any CPU
		{D59D8EB9-B2A0-4FC5-80D5-750215EED6AF}.Release|x64.Build.0 = Release|Any CPU
		{D59D8EB9-B2A0-4FC5-80D5-750215EED6AF}.Release|x86.ActiveCfg = Release|Any CPU
		{D59D8EB9-B2A0-4FC5-80D5-750215EED6AF}.Release|x86.Build.0 = Release|Any CPU
		{5DFE0643-63E9-4617-BAE9-D1A9352B4B32}.Debug|Any CPU.ActiveCfg = Debug|Any CPU
		{5DFE0643-63E9-4617-BAE9-D1A9352B4B32}.Debug|Any CPU.Build.0 = Debug|Any CPU
		{5DFE0643-63E9-4617-BAE9-D1A9352B4B32}.Debug|x64.ActiveCfg = Debug|Any CPU
		{5DFE0643-63E9-4617-BAE9-D1A9352B4B32}.Debug|x64.Build.0 = Debug|Any CPU
		{5DFE0643-63E9-4617-BAE9-D1A9352B4B32}.Debug|x86.ActiveCfg = Debug|Any CPU
		{5DFE0643-63E9-4617-BAE9-D1A9352B4B32}.Debug|x86.Build.0 = Debug|Any CPU
		{5DFE0643-63E9-4617-BAE9-D1A9352B4B32}.Release|Any CPU.ActiveCfg = Release|Any CPU
		{5DFE0643-63E9-4617-BAE9-D1A9352B4B32}.Release|Any CPU.Build.0 = Release|Any CPU
		{5DFE0643-63E9-4617-BAE9-D1A9352B4B32}.Release|x64.ActiveCfg = Release|Any CPU
		{5DFE0643-63E9-4617-BAE9-D1A9352B4B32}.Release|x64.Build.0 = Release|Any CPU
		{5DFE0643-63E9-4617-BAE9-D1A9352B4B32}.Release|x86.ActiveCfg = Release|Any CPU
		{5DFE0643-63E9-4617-BAE9-D1A9352B4B32}.Release|x86.Build.0 = Release|Any CPU
		{2EC993AF-49DD-4D37-B31D-112EEC26D5B9}.Debug|Any CPU.ActiveCfg = Debug|Any CPU
		{2EC993AF-49DD-4D37-B31D-112EEC26D5B9}.Debug|Any CPU.Build.0 = Debug|Any CPU
		{2EC993AF-49DD-4D37-B31D-112EEC26D5B9}.Debug|x64.ActiveCfg = Debug|Any CPU
		{2EC993AF-49DD-4D37-B31D-112EEC26D5B9}.Debug|x64.Build.0 = Debug|Any CPU
		{2EC993AF-49DD-4D37-B31D-112EEC26D5B9}.Debug|x86.ActiveCfg = Debug|Any CPU
		{2EC993AF-49DD-4D37-B31D-112EEC26D5B9}.Debug|x86.Build.0 = Debug|Any CPU
		{2EC993AF-49DD-4D37-B31D-112EEC26D5B9}.Release|Any CPU.ActiveCfg = Release|Any CPU
		{2EC993AF-49DD-4D37-B31D-112EEC26D5B9}.Release|Any CPU.Build.0 = Release|Any CPU
		{2EC993AF-49DD-4D37-B31D-112EEC26D5B9}.Release|x64.ActiveCfg = Release|Any CPU
		{2EC993AF-49DD-4D37-B31D-112EEC26D5B9}.Release|x64.Build.0 = Release|Any CPU
		{2EC993AF-49DD-4D37-B31D-112EEC26D5B9}.Release|x86.ActiveCfg = Release|Any CPU
		{2EC993AF-49DD-4D37-B31D-112EEC26D5B9}.Release|x86.Build.0 = Release|Any CPU
		{F8D1D8B8-7D93-464B-85A7-6E5F1B6ED214}.Debug|Any CPU.ActiveCfg = Debug|Any CPU
		{F8D1D8B8-7D93-464B-85A7-6E5F1B6ED214}.Debug|Any CPU.Build.0 = Debug|Any CPU
		{F8D1D8B8-7D93-464B-85A7-6E5F1B6ED214}.Debug|x64.ActiveCfg = Debug|Any CPU
		{F8D1D8B8-7D93-464B-85A7-6E5F1B6ED214}.Debug|x64.Build.0 = Debug|Any CPU
		{F8D1D8B8-7D93-464B-85A7-6E5F1B6ED214}.Debug|x86.ActiveCfg = Debug|Any CPU
		{F8D1D8B8-7D93-464B-85A7-6E5F1B6ED214}.Debug|x86.Build.0 = Debug|Any CPU
		{F8D1D8B8-7D93-464B-85A7-6E5F1B6ED214}.Release|Any CPU.ActiveCfg = Release|Any CPU
		{F8D1D8B8-7D93-464B-85A7-6E5F1B6ED214}.Release|Any CPU.Build.0 = Release|Any CPU
		{F8D1D8B8-7D93-464B-85A7-6E5F1B6ED214}.Release|x64.ActiveCfg = Release|Any CPU
		{F8D1D8B8-7D93-464B-85A7-6E5F1B6ED214}.Release|x64.Build.0 = Release|Any CPU
		{F8D1D8B8-7D93-464B-85A7-6E5F1B6ED214}.Release|x86.ActiveCfg = Release|Any CPU
		{F8D1D8B8-7D93-464B-85A7-6E5F1B6ED214}.Release|x86.Build.0 = Release|Any CPU
		{2550B9F3-8766-4217-8583-892DBE7BFC44}.Debug|Any CPU.ActiveCfg = Debug|Any CPU
		{2550B9F3-8766-4217-8583-892DBE7BFC44}.Debug|Any CPU.Build.0 = Debug|Any CPU
		{2550B9F3-8766-4217-8583-892DBE7BFC44}.Debug|x64.ActiveCfg = Debug|Any CPU
		{2550B9F3-8766-4217-8583-892DBE7BFC44}.Debug|x64.Build.0 = Debug|Any CPU
		{2550B9F3-8766-4217-8583-892DBE7BFC44}.Debug|x86.ActiveCfg = Debug|Any CPU
		{2550B9F3-8766-4217-8583-892DBE7BFC44}.Debug|x86.Build.0 = Debug|Any CPU
		{2550B9F3-8766-4217-8583-892DBE7BFC44}.Release|Any CPU.ActiveCfg = Release|Any CPU
		{2550B9F3-8766-4217-8583-892DBE7BFC44}.Release|Any CPU.Build.0 = Release|Any CPU
		{2550B9F3-8766-4217-8583-892DBE7BFC44}.Release|x64.ActiveCfg = Release|Any CPU
		{2550B9F3-8766-4217-8583-892DBE7BFC44}.Release|x64.Build.0 = Release|Any CPU
		{2550B9F3-8766-4217-8583-892DBE7BFC44}.Release|x86.ActiveCfg = Release|Any CPU
		{2550B9F3-8766-4217-8583-892DBE7BFC44}.Release|x86.Build.0 = Release|Any CPU
		{28E8AEBB-3E36-411E-99C8-DA9A1129038B}.Debug|Any CPU.ActiveCfg = Debug|Any CPU
		{28E8AEBB-3E36-411E-99C8-DA9A1129038B}.Debug|Any CPU.Build.0 = Debug|Any CPU
		{28E8AEBB-3E36-411E-99C8-DA9A1129038B}.Debug|x64.ActiveCfg = Debug|Any CPU
		{28E8AEBB-3E36-411E-99C8-DA9A1129038B}.Debug|x64.Build.0 = Debug|Any CPU
		{28E8AEBB-3E36-411E-99C8-DA9A1129038B}.Debug|x86.ActiveCfg = Debug|Any CPU
		{28E8AEBB-3E36-411E-99C8-DA9A1129038B}.Debug|x86.Build.0 = Debug|Any CPU
		{28E8AEBB-3E36-411E-99C8-DA9A1129038B}.Release|Any CPU.ActiveCfg = Release|Any CPU
		{28E8AEBB-3E36-411E-99C8-DA9A1129038B}.Release|Any CPU.Build.0 = Release|Any CPU
		{28E8AEBB-3E36-411E-99C8-DA9A1129038B}.Release|x64.ActiveCfg = Release|Any CPU
		{28E8AEBB-3E36-411E-99C8-DA9A1129038B}.Release|x64.Build.0 = Release|Any CPU
		{28E8AEBB-3E36-411E-99C8-DA9A1129038B}.Release|x86.ActiveCfg = Release|Any CPU
		{28E8AEBB-3E36-411E-99C8-DA9A1129038B}.Release|x86.Build.0 = Release|Any CPU
		{D18FD789-CDAD-4B01-8B10-59D131675F07}.Debug|Any CPU.ActiveCfg = Debug|Any CPU
		{D18FD789-CDAD-4B01-8B10-59D131675F07}.Debug|Any CPU.Build.0 = Debug|Any CPU
		{D18FD789-CDAD-4B01-8B10-59D131675F07}.Debug|x64.ActiveCfg = Debug|Any CPU
		{D18FD789-CDAD-4B01-8B10-59D131675F07}.Debug|x64.Build.0 = Debug|Any CPU
		{D18FD789-CDAD-4B01-8B10-59D131675F07}.Debug|x86.ActiveCfg = Debug|Any CPU
		{D18FD789-CDAD-4B01-8B10-59D131675F07}.Debug|x86.Build.0 = Debug|Any CPU
		{D18FD789-CDAD-4B01-8B10-59D131675F07}.Release|Any CPU.ActiveCfg = Release|Any CPU
		{D18FD789-CDAD-4B01-8B10-59D131675F07}.Release|Any CPU.Build.0 = Release|Any CPU
		{D18FD789-CDAD-4B01-8B10-59D131675F07}.Release|x64.ActiveCfg = Release|Any CPU
		{D18FD789-CDAD-4B01-8B10-59D131675F07}.Release|x64.Build.0 = Release|Any CPU
		{D18FD789-CDAD-4B01-8B10-59D131675F07}.Release|x86.ActiveCfg = Release|Any CPU
		{D18FD789-CDAD-4B01-8B10-59D131675F07}.Release|x86.Build.0 = Release|Any CPU
		{06C27048-CA49-46D9-92C0-3656EC5B8642}.Debug|Any CPU.ActiveCfg = Debug|Any CPU
		{06C27048-CA49-46D9-92C0-3656EC5B8642}.Debug|Any CPU.Build.0 = Debug|Any CPU
		{06C27048-CA49-46D9-92C0-3656EC5B8642}.Debug|x64.ActiveCfg = Debug|Any CPU
		{06C27048-CA49-46D9-92C0-3656EC5B8642}.Debug|x64.Build.0 = Debug|Any CPU
		{06C27048-CA49-46D9-92C0-3656EC5B8642}.Debug|x86.ActiveCfg = Debug|Any CPU
		{06C27048-CA49-46D9-92C0-3656EC5B8642}.Debug|x86.Build.0 = Debug|Any CPU
		{06C27048-CA49-46D9-92C0-3656EC5B8642}.Release|Any CPU.ActiveCfg = Release|Any CPU
		{06C27048-CA49-46D9-92C0-3656EC5B8642}.Release|Any CPU.Build.0 = Release|Any CPU
		{06C27048-CA49-46D9-92C0-3656EC5B8642}.Release|x64.ActiveCfg = Release|Any CPU
		{06C27048-CA49-46D9-92C0-3656EC5B8642}.Release|x64.Build.0 = Release|Any CPU
		{06C27048-CA49-46D9-92C0-3656EC5B8642}.Release|x86.ActiveCfg = Release|Any CPU
		{06C27048-CA49-46D9-92C0-3656EC5B8642}.Release|x86.Build.0 = Release|Any CPU
	EndGlobalSection
	GlobalSection(SolutionProperties) = preSolution
		HideSolutionNode = FALSE
	EndGlobalSection
	GlobalSection(NestedProjects) = preSolution
		{F8D1D8B8-7D93-464B-85A7-6E5F1B6ED214} = {063416B2-C684-4F04-9B35-CC244082A1AF}
		{2550B9F3-8766-4217-8583-892DBE7BFC44} = {063416B2-C684-4F04-9B35-CC244082A1AF}
		{8D2936ED-80E7-445A-B59A-172ECF1D167C} = {063416B2-C684-4F04-9B35-CC244082A1AF}
		{28E8AEBB-3E36-411E-99C8-DA9A1129038B} = {7988F33D-EED1-4AE0-9DAF-B289E195E877}
		{D18FD789-CDAD-4B01-8B10-59D131675F07} = {7988F33D-EED1-4AE0-9DAF-B289E195E877}
		{06C27048-CA49-46D9-92C0-3656EC5B8642} = {7988F33D-EED1-4AE0-9DAF-B289E195E877}
		{35BB9748-7738-45F7-B7C7-751346C985D8} = {7988F33D-EED1-4AE0-9DAF-B289E195E877}
	EndGlobalSection
	GlobalSection(ExtensibilityGlobals) = postSolution
		SolutionGuid = {BBFC9127-DF00-440C-BFE6-99D620181698}
	EndGlobalSection
EndGlobal
